# This file is automatically @generated by Cargo.
# It is not intended for manual editing.
version = 4

[[package]]
name = "vb-core"
version = "0.1.0"

[[package]]
name = "vb-debug"
version = "0.1.0"
dependencies = [
 "vb-core",
]

[[package]]
name = "vb-frontend"
version = "0.1.0"
dependencies = [
 "vb-core",
 "vb-debug",
]

[[package]]
name = "vb-headless"
version = "0.1.0"
dependencies = [
 "vb-core",
 "vb-debug",
]
